
Microsoft Visual Studio Solution File, Format Version 12.00
# Visual Studio Version 16
VisualStudioVersion = 16.0.31410.357
MinimumVisualStudioVersion = 10.0.40219.1
Project("{FAE04EC0-301F-11D3-BF4B-00C04F79EFBC}") = "KleeMains", "KleeMains\KleeMains.csproj", "{48CE044C-7DA9-4F1E-A2B5-39D754BAAAF1}"
EndProject
Global
	GlobalSection(SolutionConfigurationPlatforms) = preSolution
		Debug|Any CPU = Debug|Any CPU
		Release|Any CPU = Release|Any CPU
	EndGlobalSection
	GlobalSection(ProjectConfigurationPlatforms) = postSolution
		{48CE044C-7DA9-4F1E-A2B5-39D754BAAAF1}.Debug|Any CPU.ActiveCfg = Debug|Any CPU
		{48CE044C-7DA9-4F1E-A2B5-39D754BAAAF1}.Debug|Any CPU.Build.0 = Debug|Any CPU
		{48CE044C-7DA9-4F1E-A2B5-39D754BAAAF1}.Release|Any CPU.ActiveCfg = Release|Any CPU
		{48CE044C-7DA9-4F1E-A2B5-39D754BAAAF1}.Release|Any CPU.Build.0 = Release|Any CPU
	EndGlobalSection
	GlobalSection(SolutionProperties) = preSolution
		HideSolutionNode = FALSE
	EndGlobalSection
	GlobalSection(ExtensibilityGlobals) = postSolution
		SolutionGuid = {3B947A3B-58FC-499D-882F-06C5669B371A}
	EndGlobalSection
EndGlobal
